
Microsoft Visual Studio Solution File, Format Version 12.00
# Visual Studio Version 16
VisualStudioVersion = 16.0.29609.76
MinimumVisualStudioVersion = 10.0.40219.1
Project("{FAE04EC0-301F-11D3-BF4B-00C04F79EFBC}") = "BookStore", "BookStore\BookStore.csproj", "{6469E300-7AEB-4E47-96F7-E5CD4513BFC6}"
EndProject
Global
	GlobalSection(SolutionConfigurationPlatforms) = preSolution
		Debug|Any CPU = Debug|Any CPU
		Release|Any CPU = Release|Any CPU
	EndGlobalSection
	GlobalSection(ProjectConfigurationPlatforms) = postSolution
		{6469E300-7AEB-4E47-96F7-E5CD4513BFC6}.Debug|Any CPU.ActiveCfg = Debug|Any CPU
		{6469E300-7AEB-4E47-96F7-E5CD4513BFC6}.Debug|Any CPU.Build.0 = Debug|Any CPU
		{6469E300-7AEB-4E47-96F7-E5CD4513BFC6}.Release|Any CPU.ActiveCfg = Release|Any CPU
		{6469E300-7AEB-4E47-96F7-E5CD4513BFC6}.Release|Any CPU.Build.0 = Release|Any CPU
	EndGlobalSection
	GlobalSection(SolutionProperties) = preSolution
		HideSolutionNode = FALSE
	EndGlobalSection
	GlobalSection(ExtensibilityGlobals) = postSolution
		SolutionGuid = {637EB23A-2E56-406D-AE5A-9FDD71FF82C4}
	EndGlobalSection
EndGlobal
